
Microsoft Visual Studio Solution File, Format Version 12.00
# Visual Studio Version 16
VisualStudioVersion = 16.0.29025.244
MinimumVisualStudioVersion = 10.0.40219.1
Project("{9A19103F-16F7-4668-BE54-9A1E7A4F7556}") = "Netnr.Core", "Netnr.Core\Netnr.Core.csproj", "{FA56BB0C-C266-430F-B11E-AFEB8D75AFAF}"
EndProject
Project("{9A19103F-16F7-4668-BE54-9A1E7A4F7556}") = "Netnr.Fast", "Netnr.Fast\Netnr.Fast.csproj", "{4262C15B-CB77-4D65-8D7A-C915961029F3}"
EndProject
Project("{FAE04EC0-301F-11D3-BF4B-00C04F79EFBC}") = "Netnr.Sample", "Netnr.Sample\Netnr.Sample.csproj", "{C255FB1A-23EA-42C3-98B7-3E628BF1C8B5}"
EndProject
Global
	GlobalSection(SolutionConfigurationPlatforms) = preSolution
		Debug|Any CPU = Debug|Any CPU
		Release|Any CPU = Release|Any CPU
	EndGlobalSection
	GlobalSection(ProjectConfigurationPlatforms) = postSolution
		{FA56BB0C-C266-430F-B11E-AFEB8D75AFAF}.Debug|Any CPU.ActiveCfg = Debug|Any CPU
		{FA56BB0C-C266-430F-B11E-AFEB8D75AFAF}.Debug|Any CPU.Build.0 = Debug|Any CPU
		{FA56BB0C-C266-430F-B11E-AFEB8D75AFAF}.Release|Any CPU.ActiveCfg = Release|Any CPU
		{FA56BB0C-C266-430F-B11E-AFEB8D75AFAF}.Release|Any CPU.Build.0 = Release|Any CPU
		{4262C15B-CB77-4D65-8D7A-C915961029F3}.Debug|Any CPU.ActiveCfg = Debug|Any CPU
		{4262C15B-CB77-4D65-8D7A-C915961029F3}.Debug|Any CPU.Build.0 = Debug|Any CPU
		{4262C15B-CB77-4D65-8D7A-C915961029F3}.Release|Any CPU.ActiveCfg = Release|Any CPU
		{4262C15B-CB77-4D65-8D7A-C915961029F3}.Release|Any CPU.Build.0 = Release|Any CPU
		{C255FB1A-23EA-42C3-98B7-3E628BF1C8B5}.Debug|Any CPU.ActiveCfg = Debug|Any CPU
		{C255FB1A-23EA-42C3-98B7-3E628BF1C8B5}.Debug|Any CPU.Build.0 = Debug|Any CPU
		{C255FB1A-23EA-42C3-98B7-3E628BF1C8B5}.Release|Any CPU.ActiveCfg = Release|Any CPU
		{C255FB1A-23EA-42C3-98B7-3E628BF1C8B5}.Release|Any CPU.Build.0 = Release|Any CPU
	EndGlobalSection
	GlobalSection(SolutionProperties) = preSolution
		HideSolutionNode = FALSE
	EndGlobalSection
	GlobalSection(ExtensibilityGlobals) = postSolution
		SolutionGuid = {BDDC3F80-3B41-4055-94B8-537B0C7F28DE}
	EndGlobalSection
EndGlobal
